// !$*UTF8*$!
{
	archiveVersion = 1;
	classes = {
	};
	objectVersion = 50;
	objects = {

/* Begin PBXBuildFile section */
		7B886BBE2617A3920062C09C /* ValeriiaCardApp.swift in Sources */ = {isa = PBXBuildFile; fileRef = 7B886BBD2617A3920062C09C /* ValeriiaCardApp.swift */; };
		7B886BC02617A3920062C09C /* ContentView.swift in Sources */ = {isa = PBXBuildFile; fileRef = 7B886BBF2617A3920062C09C /* ContentView.swift */; };
		7B886BC22617A3950062C09C /* Assets.xcassets in Resources */ = {isa = PBXBuildFile; fileRef = 7B886BC12617A3950062C09C /* Assets.xcassets */; };
		7B886BC52617A3950062C09C /* Preview Assets.xcassets in Resources */ = {isa = PBXBuildFile; fileRef = 7B886BC42617A3950062C09C /* Preview Assets.xcassets */; };
		7B886BD02617A3950062C09C /* ValeriiaCardTests.swift in Sources */ = {isa = PBXBuildFile; fileRef = 7B886BCF2617A3950062C09C /* ValeriiaCardTests.swift */; };
		7B886BDB2617A3950062C09C /* ValeriiaCardUITests.swift in Sources */ = {isa = PBXBuildFile; fileRef = 7B886BDA2617A3950062C09C /* ValeriiaCardUITests.swift */; };
/* End PBXBuildFile section */

/* Begin PBXContainerItemProxy section */
		7B886BCC2617A3950062C09C /* PBXContainerItemProxy */ = {
			isa = PBXContainerItemProxy;
			containerPortal = 7B886BB22617A3920062C09C /* Project object */;
			proxyType = 1;
			remoteGlobalIDString = 7B886BB92617A3920062C09C;
			remoteInfo = ValeriiaCard;
		};
		7B886BD72617A3950062C09C /* PBXContainerItemProxy */ = {
			isa = PBXContainerItemProxy;
			containerPortal = 7B886BB22617A3920062C09C /* Project object */;
			proxyType = 1;
			remoteGlobalIDString = 7B886BB92617A3920062C09C;
			remoteInfo = ValeriiaCard;
		};
/* End PBXContainerItemProxy section */

/* Begin PBXFileReference section */
		7B886BBA2617A3920062C09C /* ValeriiaCard.app */ = {isa = PBXFileReference; explicitFileType = wrapper.application; includeInIndex = 0; path = ValeriiaCard.app; sourceTree = BUILT_PRODUCTS_DIR; };
		7B886BBD2617A3920062C09C /* ValeriiaCardApp.swift */ = {isa = PBXFileReference; lastKnownFileType = sourcecode.swift; path = ValeriiaCardApp.swift; sourceTree = "<group>"; };
		7B886BBF2617A3920062C09C /* ContentView.swift */ = {isa = PBXFileReference; lastKnownFileType = sourcecode.swift; path = ContentView.swift; sourceTree = "<group>"; };
		7B886BC12617A3950062C09C /* Assets.xcassets */ = {isa = PBXFileReference; lastKnownFileType = folder.assetcatalog; path = Assets.xcassets; sourceTree = "<group>"; };
		7B886BC42617A3950062C09C /* Preview Assets.xcassets */ = {isa = PBXFileReference; lastKnownFileType = folder.assetcatalog; path = "Preview Assets.xcassets"; sourceTree = "<group>"; };
		7B886BC62617A3950062C09C /* Info.plist */ = {isa = PBXFileReference; lastKnownFileType = text.plist.xml; path = Info.plist; sourceTree = "<group>"; };
		7B886BCB2617A3950062C09C /* ValeriiaCardTests.xctest */ = {isa = PBXFileReference; explicitFileType = wrapper.cfbundle; includeInIndex = 0; path = ValeriiaCardTests.xctest; sourceTree = BUILT_PRODUCTS_DIR; };
		7B886BCF2617A3950062C09C /* ValeriiaCardTests.swift */ = {isa = PBXFileReference; lastKnownFileType = sourcecode.swift; path = ValeriiaCardTests.swift; sourceTree = "<group>"; };
		7B886BD12617A3950062C09C /* Info.plist */ = {isa = PBXFileReference; lastKnownFileType = text.plist.xml; path = Info.plist; sourceTree = "<group>"; };
		7B886BD62617A3950062C09C /* ValeriiaCardUITests.xctest */ = {isa = PBXFileReference; explicitFileType = wrapper.cfbundle; includeInIndex = 0; path = ValeriiaCardUITests.xctest; sourceTree = BUILT_PRODUCTS_DIR; };
		7B886BDA2617A3950062C09C /* ValeriiaCardUITests.swift */ = {isa = PBXFileReference; lastKnownFileType = sourcecode.swift; path = ValeriiaCardUITests.swift; sourceTree = "<group>"; };
		7B886BDC2617A3950062C09C /* Info.plist */ = {isa = PBXFileReference; lastKnownFileType = text.plist.xml; path = Info.plist; sourceTree = "<group>"; };
/* End PBXFileReference section */

/* Begin PBXFrameworksBuildPhase section */
		7B886BB72617A3920062C09C /* Frameworks */ = {
			isa = PBXFrameworksBuildPhase;
			buildActionMask = 2147483647;
			files = (
			);
			runOnlyForDeploymentPostprocessing = 0;
		};
		7B886BC82617A3950062C09C /* Frameworks */ = {
			isa = PBXFrameworksBuildPhase;
			buildActionMask = 2147483647;
			files = (
			);
			runOnlyForDeploymentPostprocessing = 0;
		};
		7B886BD32617A3950062C09C /* Frameworks */ = {
			isa = PBXFrameworksBuildPhase;
			buildActionMask = 2147483647;
			files = (
			);
			runOnlyForDeploymentPostprocessing = 0;
		};
/* End PBXFrameworksBuildPhase section */

/* Begin PBXGroup section */
		7B886BB12617A3920062C09C = {
			isa = PBXGroup;
			children = (
				7B886BBC2617A3920062C09C /* ValeriiaCard */,
				7B886BCE2617A3950062C09C /* ValeriiaCardTests */,
				7B886BD92617A3950062C09C /* ValeriiaCardUITests */,
				7B886BBB2617A3920062C09C /* Products */,
			);
			sourceTree = "<group>";
		};
		7B886BBB2617A3920062C09C /* Products */ = {
			isa = PBXGroup;
			children = (
				7B886BBA2617A3920062C09C /* ValeriiaCard.app */,
				7B886BCB2617A3950062C09C /* ValeriiaCardTests.xctest */,
				7B886BD62617A3950062C09C /* ValeriiaCardUITests.xctest */,
			);
			name = Products;
			sourceTree = "<group>";
		};
		7B886BBC2617A3920062C09C /* ValeriiaCard */ = {
			isa = PBXGroup;
			children = (
				7B886BBD2617A3920062C09C /* ValeriiaCardApp.swift */,
				7B886BBF2617A3920062C09C /* ContentView.swift */,
				7B886BC12617A3950062C09C /* Assets.xcassets */,
				7B886BC62617A3950062C09C /* Info.plist */,
				7B886BC32617A3950062C09C /* Preview Content */,
			);
			path = ValeriiaCard;
			sourceTree = "<group>";
		};
		7B886BC32617A3950062C09C /* Preview Content */ = {
			isa = PBXGroup;
			children = (
				7B886BC42617A3950062C09C /* Preview Assets.xcassets */,
			);
			path = "Preview Content";
			sourceTree = "<group>";
		};
		7B886BCE2617A3950062C09C /* ValeriiaCardTests */ = {
			isa = PBXGroup;
			children = (
				7B886BCF2617A3950062C09C /* ValeriiaCardTests.swift */,
				7B886BD12617A3950062C09C /* Info.plist */,
			);
			path = ValeriiaCardTests;
			sourceTree = "<group>";
		};
		7B886BD92617A3950062C09C /* ValeriiaCardUITests */ = {
			isa = PBXGroup;
			children = (
				7B886BDA2617A3950062C09C /* ValeriiaCardUITests.swift */,
				7B886BDC2617A3950062C09C /* Info.plist */,
			);
			path = ValeriiaCardUITests;
			sourceTree = "<group>";
		};
/* End PBXGroup section */

/* Begin PBXNativeTarget section */
		7B886BB92617A3920062C09C /* ValeriiaCard */ = {
			isa = PBXNativeTarget;
			buildConfigurationList = 7B886BDF2617A3950062C09C /* Build configuration list for PBXNativeTarget "ValeriiaCard" */;
			buildPhases = (
				7B886BB62617A3920062C09C /* Sources */,
				7B886BB72617A3920062C09C /* Frameworks */,
				7B886BB82617A3920062C09C /* Resources */,
			);
			buildRules = (
			);
			dependencies = (
			);
			name = ValeriiaCard;
			productName = ValeriiaCard;
			productReference = 7B886BBA2617A3920062C09C /* ValeriiaCard.app */;
			productType = "com.apple.product-type.application";
		};
		7B886BCA2617A3950062C09C /* ValeriiaCardTests */ = {
			isa = PBXNativeTarget;
			buildConfigurationList = 7B886BE22617A3950062C09C /* Build configuration list for PBXNativeTarget "ValeriiaCardTests" */;
			buildPhases = (
				7B886BC72617A3950062C09C /* Sources */,
				7B886BC82617A3950062C09C /* Frameworks */,
				7B886BC92617A3950062C09C /* Resources */,
			);
			buildRules = (
			);
			dependencies = (
				7B886BCD2617A3950062C09C /* PBXTargetDependency */,
			);
			name = ValeriiaCardTests;
			productName = ValeriiaCardTests;
			productReference = 7B886BCB2617A3950062C09C /* ValeriiaCardTests.xctest */;
			productType = "com.apple.product-type.bundle.unit-test";
		};
		7B886BD52617A3950062C09C /* ValeriiaCardUITests */ = {
			isa = PBXNativeTarget;
			buildConfigurationList = 7B886BE52617A3950062C09C /* Build configuration list for PBXNativeTarget "ValeriiaCardUITests" */;
			buildPhases = (
				7B886BD22617A3950062C09C /* Sources */,
				7B886BD32617A3950062C09C /* Frameworks */,
				7B886BD42617A3950062C09C /* Resources */,
			);
			buildRules = (
			);
			dependencies = (
				7B886BD82617A3950062C09C /* PBXTargetDependency */,
			);
			name = ValeriiaCardUITests;
			productName = ValeriiaCardUITests;
			productReference = 7B886BD62617A3950062C09C /* ValeriiaCardUITests.xctest */;
			productType = "com.apple.product-type.bundle.ui-testing";
		};
/* End PBXNativeTarget section */

/* Begin PBXProject section */
		7B886BB22617A3920062C09C /* Project object */ = {
			isa = PBXProject;
			attributes = {
				LastSwiftUpdateCheck = 1240;
				LastUpgradeCheck = 1240;
				TargetAttributes = {
					7B886BB92617A3920062C09C = {
						CreatedOnToolsVersion = 12.4;
					};
					7B886BCA2617A3950062C09C = {
						CreatedOnToolsVersion = 12.4;
						TestTargetID = 7B886BB92617A3920062C09C;
					};
					7B886BD52617A3950062C09C = {
						CreatedOnToolsVersion = 12.4;
						TestTargetID = 7B886BB92617A3920062C09C;
					};
				};
			};
			buildConfigurationList = 7B886BB52617A3920062C09C /* Build configuration list for PBXProject "ValeriiaCard" */;
			compatibilityVersion = "Xcode 9.3";
			developmentRegion = en;
			hasScannedForEncodings = 0;
			knownRegions = (
				en,
				Base,
			);
			mainGroup = 7B886BB12617A3920062C09C;
			productRefGroup = 7B886BBB2617A3920062C09C /* Products */;
			projectDirPath = "";
			projectRoot = "";
			targets = (
				7B886BB92617A3920062C09C /* ValeriiaCard */,
				7B886BCA2617A3950062C09C /* ValeriiaCardTests */,
				7B886BD52617A3950062C09C /* ValeriiaCardUITests */,
			);
		};
/* End PBXProject section */

/* Begin PBXResourcesBuildPhase section */
		7B886BB82617A3920062C09C /* Resources */ = {
			isa = PBXResourcesBuildPhase;
			buildActionMask = 2147483647;
			files = (
				7B886BC52617A3950062C09C /* Preview Assets.xcassets in Resources */,
				7B886BC22617A3950062C09C /* Assets.xcassets in Resources */,
			);
			runOnlyForDeploymentPostprocessing = 0;
		};
		7B886BC92617A3950062C09C /* Resources */ = {
			isa = PBXResourcesBuildPhase;
			buildActionMask = 2147483647;
			files = (
			);
			runOnlyForDeploymentPostprocessing = 0;
		};
		7B886BD42617A3950062C09C /* Resources */ = {
			isa = PBXResourcesBuildPhase;
			buildActionMask = 2147483647;
			files = (
			);
			runOnlyForDeploymentPostprocessing = 0;
		};
/* End PBXResourcesBuildPhase section */

/* Begin PBXSourcesBuildPhase section */
		7B886BB62617A3920062C09C /* Sources */ = {
			isa = PBXSourcesBuildPhase;
			buildActionMask = 2147483647;
			files = (
				7B886BC02617A3920062C09C /* ContentView.swift in Sources */,
				7B886BBE2617A3920062C09C /* ValeriiaCardApp.swift in Sources */,
			);
			runOnlyForDeploymentPostprocessing = 0;
		};
		7B886BC72617A3950062C09C /* Sources */ = {
			isa = PBXSourcesBuildPhase;
			buildActionMask = 2147483647;
			files = (
				7B886BD02617A3950062C09C /* ValeriiaCardTests.swift in Sources */,
			);
			runOnlyForDeploymentPostprocessing = 0;
		};
		7B886BD22617A3950062C09C /* Sources */ = {
			isa = PBXSourcesBuildPhase;
			buildActionMask = 2147483647;
			files = (
				7B886BDB2617A3950062C09C /* ValeriiaCardUITests.swift in Sources */,
			);
			runOnlyForDeploymentPostprocessing = 0;
		};
/* End PBXSourcesBuildPhase section */

/* Begin PBXTargetDependency section */
		7B886BCD2617A3950062C09C /* PBXTargetDependency */ = {
			isa = PBXTargetDependency;
			target = 7B886BB92617A3920062C09C /* ValeriiaCard */;
			targetProxy = 7B886BCC2617A3950062C09C /* PBXContainerItemProxy */;
		};
		7B886BD82617A3950062C09C /* PBXTargetDependency */ = {
			isa = PBXTargetDependency;
			target = 7B886BB92617A3920062C09C /* ValeriiaCard */;
			targetProxy = 7B886BD72617A3950062C09C /* PBXContainerItemProxy */;
		};
/* End PBXTargetDependency section */

/* Begin XCBuildConfiguration section */
		7B886BDD2617A3950062C09C /* Debug */ = {
			isa = XCBuildConfiguration;
			buildSettings = {
				ALWAYS_SEARCH_USER_PATHS = NO;
				CLANG_ANALYZER_NONNULL = YES;
				CLANG_ANALYZER_NUMBER_OBJECT_CONVERSION = YES_AGGRESSIVE;
				CLANG_CXX_LANGUAGE_STANDARD = "gnu++14";
				CLANG_CXX_LIBRARY = "libc++";
				CLANG_ENABLE_MODULES = YES;
				CLANG_ENABLE_OBJC_ARC = YES;
				CLANG_ENABLE_OBJC_WEAK = YES;
				CLANG_WARN_BLOCK_CAPTURE_AUTORELEASING = YES;
				CLANG_WARN_BOOL_CONVERSION = YES;
				CLANG_WARN_COMMA = YES;
				CLANG_WARN_CONSTANT_CONVERSION = YES;
				CLANG_WARN_DEPRECATED_OBJC_IMPLEMENTATIONS = YES;
				CLANG_WARN_DIRECT_OBJC_ISA_USAGE = YES_ERROR;
				CLANG_WARN_DOCUMENTATION_COMMENTS = YES;
				CLANG_WARN_EMPTY_BODY = YES;
				CLANG_WARN_ENUM_CONVERSION = YES;
				CLANG_WARN_INFINITE_RECURSION = YES;
				CLANG_WARN_INT_CONVERSION = YES;
				CLANG_WARN_NON_LITERAL_NULL_CONVERSION = YES;
				CLANG_WARN_OBJC_IMPLICIT_RETAIN_SELF = YES;
				CLANG_WARN_OBJC_LITERAL_CONVERSION = YES;
				CLANG_WARN_OBJC_ROOT_CLASS = YES_ERROR;
				CLANG_WARN_QUOTED_INCLUDE_IN_FRAMEWORK_HEADER = YES;
				CLANG_WARN_RANGE_LOOP_ANALYSIS = YES;
				CLANG_WARN_STRICT_PROTOTYPES = YES;
				CLANG_WARN_SUSPICIOUS_MOVE = YES;
				CLANG_WARN_UNGUARDED_AVAILABILITY = YES_AGGRESSIVE;
				CLANG_WARN_UNREACHABLE_CODE = YES;
				CLANG_WARN__DUPLICATE_METHOD_MATCH = YES;
				COPY_PHASE_STRIP = NO;
				DEBUG_INFORMATION_FORMAT = dwarf;
				ENABLE_STRICT_OBJC_MSGSEND = YES;
				ENABLE_TESTABILITY = YES;
				GCC_C_LANGUAGE_STANDARD = gnu11;
				GCC_DYNAMIC_NO_PIC = NO;
				GCC_NO_COMMON_BLOCKS = YES;
				GCC_OPTIMIZATION_LEVEL = 0;
				GCC_PREPROCESSOR_DEFINITIONS = (
					"DEBUG=1",
					"$(inherited)",
				);
				GCC_WARN_64_TO_32_BIT_CONVERSION = YES;
				GCC_WARN_ABOUT_RETURN_TYPE = YES_ERROR;
				GCC_WARN_UNDECLARED_SELECTOR = YES;
				GCC_WARN_UNINITIALIZED_AUTOS = YES_AGGRESSIVE;
				GCC_WARN_UNUSED_FUNCTION = YES;
				GCC_WARN_UNUSED_VARIABLE = YES;
				IPHONEOS_DEPLOYMENT_TARGET = 14.4;
				MTL_ENABLE_DEBUG_INFO = INCLUDE_SOURCE;
				MTL_FAST_MATH = YES;
				ONLY_ACTIVE_ARCH = YES;
				SDKROOT = iphoneos;
				SWIFT_ACTIVE_COMPILATION_CONDITIONS = DEBUG;
				SWIFT_OPTIMIZATION_LEVEL = "-Onone";
			};
			name = Debug;
		};
		7B886BDE2617A3950062C09C /* Release */ = {
			isa = XCBuildConfiguration;
			buildSettings = {
				ALWAYS_SEARCH_USER_PATHS = NO;
				CLANG_ANALYZER_NONNULL = YES;
				CLANG_ANALYZER_NUMBER_OBJECT_CONVERSION = YES_AGGRESSIVE;
				CLANG_CXX_LANGUAGE_STANDARD = "gnu++14";
				CLANG_CXX_LIBRARY = "libc++";
				CLANG_ENABLE_MODULES = YES;
				CLANG_ENABLE_OBJC_ARC = YES;
				CLANG_ENABLE_OBJC_WEAK = YES;
				CLANG_WARN_BLOCK_CAPTURE_AUTORELEASING = YES;
				CLANG_WARN_BOOL_CONVERSION = YES;
				CLANG_WARN_COMMA = YES;
				CLANG_WARN_CONSTANT_CONVERSION = YES;
				CLANG_WARN_DEPRECATED_OBJC_IMPLEMENTATIONS = YES;
				CLANG_WARN_DIRECT_OBJC_ISA_USAGE = YES_ERROR;
				CLANG_WARN_DOCUMENTATION_COMMENTS = YES;
				CLANG_WARN_EMPTY_BODY = YES;
				CLANG_WARN_ENUM_CONVERSION = YES;
				CLANG_WARN_INFINITE_RECURSION = YES;
				CLANG_WARN_INT_CONVERSION = YES;
				CLANG_WARN_NON_LITERAL_NULL_CONVERSION = YES;
				CLANG_WARN_OBJC_IMPLICIT_RETAIN_SELF = YES;
				CLANG_WARN_OBJC_LITERAL_CONVERSION = YES;
				CLANG_WARN_OBJC_ROOT_CLASS = YES_ERROR;
				CLANG_WARN_QUOTED_INCLUDE_IN_FRAMEWORK_HEADER = YES;
				CLANG_WARN_RANGE_LOOP_ANALYSIS = YES;
				CLANG_WARN_STRICT_PROTOTYPES = YES;
				CLANG_WARN_SUSPICIOUS_MOVE = YES;
				CLANG_WARN_UNGUARDED_AVAILABILITY = YES_AGGRESSIVE;
				CLANG_WARN_UNREACHABLE_CODE = YES;
				CLANG_WARN__DUPLICATE_METHOD_MATCH = YES;
				COPY_PHASE_STRIP = NO;
				DEBUG_INFORMATION_FORMAT = "dwarf-with-dsym";
				ENABLE_NS_ASSERTIONS = NO;
				ENABLE_STRICT_OBJC_MSGSEND = YES;
				GCC_C_LANGUAGE_STANDARD = gnu11;
				GCC_NO_COMMON_BLOCKS = YES;
				GCC_WARN_64_TO_32_BIT_CONVERSION = YES;
				GCC_WARN_ABOUT_RETURN_TYPE = YES_ERROR;
				GCC_WARN_UNDECLARED_SELECTOR = YES;
				GCC_WARN_UNINITIALIZED_AUTOS = YES_AGGRESSIVE;
				GCC_WARN_UNUSED_FUNCTION = YES;
				GCC_WARN_UNUSED_VARIABLE = YES;
				IPHONEOS_DEPLOYMENT_TARGET = 14.4;
				MTL_ENABLE_DEBUG_INFO = NO;
				MTL_FAST_MATH = YES;
				SDKROOT = iphoneos;
				SWIFT_COMPILATION_MODE = wholemodule;
				SWIFT_OPTIMIZATION_LEVEL = "-O";
				VALIDATE_PRODUCT = YES;
			};
			name = Release;
		};
		7B886BE02617A3950062C09C /* Debug */ = {
			isa = XCBuildConfiguration;
			buildSettings = {
				ASSETCATALOG_COMPILER_APPICON_NAME = AppIcon;
				ASSETCATALOG_COMPILER_GLOBAL_ACCENT_COLOR_NAME = AccentColor;
				CODE_SIGN_STYLE = Automatic;
				DEVELOPMENT_ASSET_PATHS = "\"ValeriiaCard/Preview Content\"";
				DEVELOPMENT_TEAM = U869ML2L2K;
				ENABLE_PREVIEWS = YES;
				INFOPLIST_FILE = ValeriiaCard/Info.plist;
				IPHONEOS_DEPLOYMENT_TARGET = 14.0;
				LD_RUNPATH_SEARCH_PATHS = (
					"$(inherited)",
					"@executable_path/Frameworks",
				);
				PRODUCT_BUNDLE_IDENTIFIER = com.valeriiatishina.ValeriiaCard;
				PRODUCT_NAME = "$(TARGET_NAME)";
				SWIFT_VERSION = 5.0;
				TARGETED_DEVICE_FAMILY = "1,2";
			};
			name = Debug;
		};
		7B886BE12617A3950062C09C /* Release */ = {
			isa = XCBuildConfiguration;
			buildSettings = {
				ASSETCATALOG_COMPILER_APPICON_NAME = AppIcon;
				ASSETCATALOG_COMPILER_GLOBAL_ACCENT_COLOR_NAME = AccentColor;
				CODE_SIGN_STYLE = Automatic;
				DEVELOPMENT_ASSET_PATHS = "\"ValeriiaCard/Preview Content\"";
				DEVELOPMENT_TEAM = U869ML2L2K;
				ENABLE_PREVIEWS = YES;
				INFOPLIST_FILE = ValeriiaCard/Info.plist;
				IPHONEOS_DEPLOYMENT_TARGET = 14.0;
				LD_RUNPATH_SEARCH_PATHS = (
					"$(inherited)",
					"@executable_path/Frameworks",
				);
				PRODUCT_BUNDLE_IDENTIFIER = com.valeriiatishina.ValeriiaCard;
				PRODUCT_NAME = "$(TARGET_NAME)";
				SWIFT_VERSION = 5.0;
				TARGETED_DEVICE_FAMILY = "1,2";
			};
			name = Release;
		};
		7B886BE32617A3950062C09C /* Debug */ = {
			isa = XCBuildConfiguration;
			buildSettings = {
				ALWAYS_EMBED_SWIFT_STANDARD_LIBRARIES = YES;
				BUNDLE_LOADER = "$(TEST_HOST)";
				CODE_SIGN_STYLE = Automatic;
				DEVELOPMENT_TEAM = U869ML2L2K;
				INFOPLIST_FILE = ValeriiaCardTests/Info.plist;
				IPHONEOS_DEPLOYMENT_TARGET = 14.0;
				LD_RUNPATH_SEARCH_PATHS = (
					"$(inherited)",
					"@executable_path/Frameworks",
					"@loader_path/Frameworks",
				);
				PRODUCT_BUNDLE_IDENTIFIER = com.valeriiatishina.ValeriiaCardTests;
				PRODUCT_NAME = "$(TARGET_NAME)";
				SWIFT_VERSION = 5.0;
				TARGETED_DEVICE_FAMILY = "1,2";
				TEST_HOST = "$(BUILT_PRODUCTS_DIR)/ValeriiaCard.app/ValeriiaCard";
			};
			name = Debug;
		};
		7B886BE42617A3950062C09C /* Release */ = {
			isa = XCBuildConfiguration;
			buildSettings = {
				ALWAYS_EMBED_SWIFT_STANDARD_LIBRARIES = YES;
				BUNDLE_LOADER = "$(TEST_HOST)";
				CODE_SIGN_STYLE = Automatic;
				DEVELOPMENT_TEAM = U869ML2L2K;
				INFOPLIST_FILE = ValeriiaCardTests/Info.plist;
				IPHONEOS_DEPLOYMENT_TARGET = 14.0;
				LD_RUNPATH_SEARCH_PATHS = (
					"$(inherited)",
					"@executable_path/Frameworks",
					"@loader_path/Frameworks",
				);
				PRODUCT_BUNDLE_IDENTIFIER = com.valeriiatishina.ValeriiaCardTests;
				PRODUCT_NAME = "$(TARGET_NAME)";
				SWIFT_VERSION = 5.0;
				TARGETED_DEVICE_FAMILY = "1,2";
				TEST_HOST = "$(BUILT_PRODUCTS_DIR)/ValeriiaCard.app/ValeriiaCard";
			};
			name = Release;
		};
		7B886BE62617A3950062C09C /* Debug */ = {
			isa = XCBuildConfiguration;
			buildSettings = {
				ALWAYS_EMBED_SWIFT_STANDARD_LIBRARIES = YES;
				CODE_SIGN_STYLE = Automatic;
				DEVELOPMENT_TEAM = U869ML2L2K;
				INFOPLIST_FILE = ValeriiaCardUITests/Info.plist;
				LD_RUNPATH_SEARCH_PATHS = (
					"$(inherited)",
					"@executable_path/Frameworks",
					"@loader_path/Frameworks",
				);
				PRODUCT_BUNDLE_IDENTIFIER = com.valeriiatishina.ValeriiaCardUITests;
				PRODUCT_NAME = "$(TARGET_NAME)";
				SWIFT_VERSION = 5.0;
				TARGETED_DEVICE_FAMILY = "1,2";
				TEST_TARGET_NAME = ValeriiaCard;
			};
			name = Debug;
		};
		7B886BE72617A3950062C09C /* Release */ = {
			isa = XCBuildConfiguration;
			buildSettings = {
				ALWAYS_EMBED_SWIFT_STANDARD_LIBRARIES = YES;
				CODE_SIGN_STYLE = Automatic;
				DEVELOPMENT_TEAM = U869ML2L2K;
				INFOPLIST_FILE = ValeriiaCardUITests/Info.plist;
				LD_RUNPATH_SEARCH_PATHS = (
					"$(inherited)",
					"@executable_path/Frameworks",
					"@loader_path/Frameworks",
				);
				PRODUCT_BUNDLE_IDENTIFIER = com.valeriiatishina.ValeriiaCardUITests;
				PRODUCT_NAME = "$(TARGET_NAME)";
				SWIFT_VERSION = 5.0;
				TARGETED_DEVICE_FAMILY = "1,2";
				TEST_TARGET_NAME = ValeriiaCard;
			};
			name = Release;
		};
/* End XCBuildConfiguration section */

/* Begin XCConfigurationList section */
		7B886BB52617A3920062C09C /* Build configuration list for PBXProject "ValeriiaCard" */ = {
			isa = XCConfigurationList;
			buildConfigurations = (
				7B886BDD2617A3950062C09C /* Debug */,
				7B886BDE2617A3950062C09C /* Release */,
			);
			defaultConfigurationIsVisible = 0;
			defaultConfigurationName = Release;
		};
		7B886BDF2617A3950062C09C /* Build configuration list for PBXNativeTarget "ValeriiaCard" */ = {
			isa = XCConfigurationList;
			buildConfigurations = (
				7B886BE02617A3950062C09C /* Debug */,
				7B886BE12617A3950062C09C /* Release */,
			);
			defaultConfigurationIsVisible = 0;
			defaultConfigurationName = Release;
		};
		7B886BE22617A3950062C09C /* Build configuration list for PBXNativeTarget "ValeriiaCardTests" */ = {
			isa = XCConfigurationList;
			buildConfigurations = (
				7B886BE32617A3950062C09C /* Debug */,
				7B886BE42617A3950062C09C /* Release */,
			);
			defaultConfigurationIsVisible = 0;
			defaultConfigurationName = Release;
		};
		7B886BE52617A3950062C09C /* Build configuration list for PBXNativeTarget "ValeriiaCardUITests" */ = {
			isa = XCConfigurationList;
			buildConfigurations = (
				7B886BE62617A3950062C09C /* Debug */,
				7B886BE72617A3950062C09C /* Release */,
			);
			defaultConfigurationIsVisible = 0;
			defaultConfigurationName = Release;
		};
/* End XCConfigurationList section */
	};
	rootObject = 7B886BB22617A3920062C09C /* Project object */;
}
